Microsoft Visual Studio Solution File, Format Version 12.00
# Visual Studio Version 17
VisualStudioVersion = 17.5.2.0
MinimumVisualStudioVersion = 10.0.40219.1
Project("{FAE04EC0-301F-11D3-BF4B-00C04F79EFBC}") = "MoveKind.Umbraco", "MoveKind.Umbraco.csproj", "{59E956C2-EEF2-0E28-E6BE-C332FD8C2FEE}"
EndProject
Global
	GlobalSection(SolutionConfigurationPlatforms) = preSolution
		Debug|Any CPU = Debug|Any CPU
		Release|Any CPU = Release|Any CPU
	EndGlobalSection
	GlobalSection(ProjectConfigurationPlatforms) = postSolution
		{59E956C2-EEF2-0E28-E6BE-C332FD8C2FEE}.Debug|Any CPU.ActiveCfg = Debug|Any CPU
		{59E956C2-EEF2-0E28-E6BE-C332FD8C2FEE}.Debug|Any CPU.Build.0 = Debug|Any CPU
		{59E956C2-EEF2-0E28-E6BE-C332FD8C2FEE}.Release|Any CPU.ActiveCfg = Release|Any CPU
		{59E956C2-EEF2-0E28-E6BE-C332FD8C2FEE}.Release|Any CPU.Build.0 = Release|Any CPU
	EndGlobalSection
	GlobalSection(SolutionProperties) = preSolution
		HideSolutionNode = FALSE
	EndGlobalSection
	GlobalSection(ExtensibilityGlobals) = postSolution
		SolutionGuid = {BBB8E2D9-46F0-4B4F-AB6F-94E7C36EBF74}
	EndGlobalSection
EndGlobal
